{
  "nodes": {
    "cradle": {
      "inputs": {
        "flake-utils": [
          "nixos-compose",
          "flake-utils"
        ],
        "nixpkgs": [
          "nixos-compose",
          "nixpkgs"
        ]
      },
      "locked": {
        "lastModified": 1759779411,
        "narHash": "sha256-wg1/WMu624PQuzrSEE2SP31AbzrIQmUZm4dcCQ/yvYk=",
        "owner": "garnix-io",
        "repo": "cradle",
        "rev": "711c441fa8f190a8964c56a3bae864cd5321c5c5",
        "type": "github"
      },
      "original": {
        "owner": "garnix-io",
        "repo": "cradle",
        "type": "github"
      }
    },
    "dashi": {
      "inputs": {
        "fluent-hs": "fluent-hs",
        "ghc-wasm-meta": "ghc-wasm-meta",
        "mdi": "mdi",
        "mdi-webfont": "mdi-webfont",
        "miso": "miso",
        "miso-diagrams": "miso-diagrams",
        "nix-wasm": "nix-wasm",
        "nixpkgs": [
          "nixpkgs"
        ],
        "web-font-mdi": "web-font-mdi"
      },
      "locked": {
        "lastModified": 1769063766,
        "narHash": "sha256-/oaqBC2smCGoNtscZOKep1ygNL6bAskHkpo6Jt6uY1c=",
        "owner": "ners",
        "repo": "dashi",
        "rev": "f6c4d4694e69cd471198a81e72406be51ccb1885",
        "type": "github"
      },
      "original": {
        "owner": "ners",
        "repo": "dashi",
        "type": "github"
      }
    },
    "flake-compat": {
      "locked": {
        "lastModified": 1746162366,
        "narHash": "sha256-5SSSZ/oQkwfcAz/o/6TlejlVGqeK08wyREBQ5qFFPhM=",
        "owner": "nix-community",
        "repo": "flake-compat",
        "rev": "0f158086a2ecdbb138cd0429410e44994f1b7e4b",
        "type": "github"
      },
      "original": {
        "owner": "nix-community",
        "repo": "flake-compat",
        "type": "github"
      }
    },
    "flake-utils": {
      "inputs": {
        "systems": "systems"
      },
      "locked": {
        "lastModified": 1731533236,
        "narHash": "sha256-l0KFg5HjrsfsO/JpG+r7fRrqm12kzFHyUHqHCVpMMbI=",
        "owner": "numtide",
        "repo": "flake-utils",
        "rev": "11707dc2f618dd54ca8739b309ec4fc024de578b",
        "type": "github"
      },
      "original": {
        "owner": "numtide",
        "repo": "flake-utils",
        "type": "github"
      }
    },
    "flake-utils_2": {
      "inputs": {
        "systems": "systems_2"
      },
      "locked": {
        "lastModified": 1731533236,
        "narHash": "sha256-l0KFg5HjrsfsO/JpG+r7fRrqm12kzFHyUHqHCVpMMbI=",
        "owner": "numtide",
        "repo": "flake-utils",
        "rev": "11707dc2f618dd54ca8739b309ec4fc024de578b",
        "type": "github"
      },
      "original": {
        "owner": "numtide",
        "repo": "flake-utils",
        "type": "github"
      }
    },
    "fluent-hs": {
      "inputs": {
        "nixpkgs": [
          "dashi",
          "nixpkgs"
        ],
        "syntax": "syntax"
      },
      "locked": {
        "lastModified": 1762543126,
        "narHash": "sha256-zkGLHcxNdRsA57LL/4NAvPl4kyvlzVISfh5BRidFWS4=",
        "owner": "ners",
        "repo": "fluent-hs",
        "rev": "d181baa2b7f4209a804618d5019f342c6189d90b",
        "type": "github"
      },
      "original": {
        "owner": "ners",
        "repo": "fluent-hs",
        "type": "github"
      }
    },
    "garnix-lib": {
      "inputs": {
        "nixpkgs": [
          "nixos-compose",
          "nixpkgs"
        ]
      },
      "locked": {
        "lastModified": 1758561011,
        "narHash": "sha256-yYXd4qOH22Oe5PaaoGms0imXYweQeEeme+VUoMm4zwY=",
        "owner": "garnix-io",
        "repo": "garnix-lib",
        "rev": "fbd9865a68c8f7f4bd9d4e136f27be04098fe1ee",
        "type": "github"
      },
      "original": {
        "owner": "garnix-io",
        "repo": "garnix-lib",
        "type": "github"
      }
    },
    "ghc-source-gen": {
      "flake": false,
      "locked": {
        "lastModified": 1767727283,
        "narHash": "sha256-TsPEK0I5c9FYqZp0lAzQNogqEv1LPMzdjFO9EtOm/Ls=",
        "owner": "google",
        "repo": "ghc-source-gen",
        "rev": "79ecc01213131da03a7198fc377606ce72ac037a",
        "type": "github"
      },
      "original": {
        "owner": "google",
        "repo": "ghc-source-gen",
        "type": "github"
      }
    },
    "ghc-wasm-meta": {
      "inputs": {
        "flake-utils": "flake-utils",
        "nixpkgs": [
          "dashi",
          "nixpkgs"
        ]
      },
      "locked": {
        "host": "gitlab.haskell.org",
        "lastModified": 1769039128,
        "narHash": "sha256-B8ZzYWebrm9P3DW6cVJQ1DWhpug7zlXo1KbtWLLYAZE=",
        "owner": "haskell-wasm",
        "repo": "ghc-wasm-meta",
        "rev": "d2eed5b2e5f076991c9eab1e371bfcbd517eeff0",
        "type": "gitlab"
      },
      "original": {
        "host": "gitlab.haskell.org",
        "owner": "haskell-wasm",
        "repo": "ghc-wasm-meta",
        "type": "gitlab"
      }
    },
    "hs-opentelemetry": {
      "flake": false,
      "locked": {
        "lastModified": 1767527450,
        "narHash": "sha256-QgBpUnFvuEtarMcY/932jh9JloldDT9HgXSR/BTzIvw=",
        "owner": "ners",
        "repo": "hs-opentelemetry",
        "rev": "b4d719de363b3b448f545c2f2a1635ff540a9285",
        "type": "github"
      },
      "original": {
        "owner": "ners",
        "ref": "log-exporter",
        "repo": "hs-opentelemetry",
        "type": "github"
      }
    },
    "mdi": {
      "flake": false,
      "locked": {
        "lastModified": 1737338259,
        "narHash": "sha256-QMGl7soAhErrrnY3aKOZpt49yebkSNzy10p/v5OaqQ0=",
        "owner": "Templarian",
        "repo": "MaterialDesign",
        "rev": "2424e748e0cc63ab7b9c095a099b9fe239b737c0",
        "type": "github"
      },
      "original": {
        "owner": "Templarian",
        "repo": "MaterialDesign",
        "type": "github"
      }
    },
    "mdi-webfont": {
      "flake": false,
      "locked": {
        "dir": "fonts",
        "lastModified": 1703636765,
        "narHash": "sha256-xVhKiAJy/2JaP6HEatzpuDwCbFSvPiIhdhM2csMDFbI=",
        "owner": "Templarian",
        "repo": "MaterialDesign-Webfont",
        "rev": "57b567a448bd579892174cd47c47f9e187ea56c6",
        "type": "github"
      },
      "original": {
        "dir": "fonts",
        "owner": "Templarian",
        "repo": "MaterialDesign-Webfont",
        "type": "github"
      }
    },
    "miso": {
      "flake": false,
      "locked": {
        "lastModified": 1769054826,
        "narHash": "sha256-BqEV8WNb2H8oCrRP8lzb4E1xXwjuQAud8iFULMmoU3s=",
        "owner": "haskell-miso",
        "repo": "miso",
        "rev": "bd65a4baea4d04a8fe6656779acc851715e4b2b9",
        "type": "github"
      },
      "original": {
        "owner": "haskell-miso",
        "repo": "miso",
        "type": "github"
      }
    },
    "miso-diagrams": {
      "flake": false,
      "locked": {
        "lastModified": 1767469376,
        "narHash": "sha256-JMtloMQjkrMd44aAaLjfTz2ctpazj+/BMkpgYO6YKmI=",
        "owner": "haskell-miso",
        "repo": "miso-diagrams",
        "rev": "db0e743d28aca12256ddcd2191b14abc749f8a37",
        "type": "github"
      },
      "original": {
        "owner": "haskell-miso",
        "repo": "miso-diagrams",
        "type": "github"
      }
    },
    "miso-graphql": {
      "flake": false,
      "locked": {
        "lastModified": 1769210911,
        "narHash": "sha256-ynA72P1dWSWOvJYv9GgJ/kuW1dZiZKYGorz3Dj2xScU=",
        "owner": "haskell-miso",
        "repo": "miso-graphql",
        "rev": "96789165381e14d3d3bf351830c087e4d45b0022",
        "type": "github"
      },
      "original": {
        "owner": "haskell-miso",
        "repo": "miso-graphql",
        "type": "github"
      }
    },
    "nix-wasm": {
      "inputs": {
        "flake-compat": "flake-compat",
        "ghc-wasm-meta": [
          "dashi",
          "ghc-wasm-meta"
        ],
        "nixpkgs": [
          "dashi",
          "nixpkgs"
        ]
      },
      "locked": {
        "lastModified": 1761179589,
        "narHash": "sha256-0zdglW/k69776yOm2GKFyaPmVuDdK/+btYdyOBQl8Ho=",
        "owner": "ners",
        "repo": "nix-wasm",
        "rev": "8d2ae2ae3fde757c41c9457e53d990002a393191",
        "type": "github"
      },
      "original": {
        "owner": "ners",
        "repo": "nix-wasm",
        "type": "github"
      }
    },
    "nixos-compose": {
      "inputs": {
        "cradle": "cradle",
        "flake-utils": "flake-utils_2",
        "garnix-lib": "garnix-lib",
        "nixpkgs": [
          "nixpkgs"
        ]
      },
      "locked": {
        "lastModified": 1767740749,
        "narHash": "sha256-G9aHucQmIgovgvw3ldLdPW6osGuRhAFg2m0KQztOYFY=",
        "owner": "garnix-io",
        "repo": "nixos-compose",
        "rev": "ac873f681c3a83d2d4385c4a42812b374e19903a",
        "type": "github"
      },
      "original": {
        "owner": "garnix-io",
        "repo": "nixos-compose",
        "type": "github"
      }
    },
    "nixpkgs": {
      "locked": {
        "lastModified": 1769018530,
        "narHash": "sha256-MJ27Cy2NtBEV5tsK+YraYr2g851f3Fl1LpNHDzDX15c=",
        "owner": "nixos",
        "repo": "nixpkgs",
        "rev": "88d3861acdd3d2f0e361767018218e51810df8a1",
        "type": "github"
      },
      "original": {
        "owner": "nixos",
        "ref": "nixos-unstable",
        "repo": "nixpkgs",
        "type": "github"
      }
    },
    "root": {
      "inputs": {
        "dashi": "dashi",
        "hs-opentelemetry": "hs-opentelemetry",
        "miso-graphql": "miso-graphql",
        "nixos-compose": "nixos-compose",
        "nixpkgs": "nixpkgs",
        "servant-effectful": "servant-effectful"
      }
    },
    "semi-iso": {
      "inputs": {
        "nixpkgs": [
          "dashi",
          "fluent-hs",
          "syntax",
          "nixpkgs"
        ]
      },
      "locked": {
        "lastModified": 1760465104,
        "narHash": "sha256-Cit2tXFeEv7EhAQ7xYwR++AobYrP+fDlqYgHEDlHrvI=",
        "owner": "ners",
        "repo": "semi-iso",
        "rev": "27b845c5209f59bf8d3ed75ec3ced668e8415989",
        "type": "github"
      },
      "original": {
        "owner": "ners",
        "repo": "semi-iso",
        "type": "github"
      }
    },
    "servant-effectful": {
      "flake": false,
      "locked": {
        "lastModified": 1754045536,
        "narHash": "sha256-G3ytfnCwpklrLUoxvC3JDFBZsgku6+R2Gf/snPH7cug=",
        "owner": "Kleidukos",
        "repo": "servant-effectful",
        "rev": "1e574e6c0144456ee7d161a586fcc82377c9454d",
        "type": "github"
      },
      "original": {
        "owner": "Kleidukos",
        "repo": "servant-effectful",
        "type": "github"
      }
    },
    "syntax": {
      "inputs": {
        "nixpkgs": [
          "dashi",
          "fluent-hs",
          "nixpkgs"
        ],
        "semi-iso": "semi-iso"
      },
      "locked": {
        "lastModified": 1760465267,
        "narHash": "sha256-w8a6W+XBbXqB2xU+LVcFx0JRy1cGDFRP1eHSzg6FIyw=",
        "owner": "ners",
        "repo": "syntax",
        "rev": "a543a749281dbe378e19aa7cc21bef761c0b3090",
        "type": "github"
      },
      "original": {
        "owner": "ners",
        "repo": "syntax",
        "type": "github"
      }
    },
    "systems": {
      "locked": {
        "lastModified": 1681028828,
        "narHash": "sha256-Vy1rq5AaRuLzOxct8nz4T6wlgyUR7zLU309k9mBC768=",
        "owner": "nix-systems",
        "repo": "default",
        "rev": "da67096a3b9bf56a91d16901293e51ba5b49a27e",
        "type": "github"
      },
      "original": {
        "owner": "nix-systems",
        "repo": "default",
        "type": "github"
      }
    },
    "systems_2": {
      "locked": {
        "lastModified": 1681028828,
        "narHash": "sha256-Vy1rq5AaRuLzOxct8nz4T6wlgyUR7zLU309k9mBC768=",
        "owner": "nix-systems",
        "repo": "default",
        "rev": "da67096a3b9bf56a91d16901293e51ba5b49a27e",
        "type": "github"
      },
      "original": {
        "owner": "nix-systems",
        "repo": "default",
        "type": "github"
      }
    },
    "web-font-mdi": {
      "inputs": {
        "ghc-source-gen": "ghc-source-gen",
        "mdi": [
          "dashi",
          "mdi"
        ],
        "nixpkgs": [
          "dashi",
          "nixpkgs"
        ]
      },
      "locked": {
        "lastModified": 1768292899,
        "narHash": "sha256-7ZVUVRWn1Uvq51dEIItnUIIhAevQjqB5PRwXitEfKIk=",
        "owner": "ners",
        "repo": "web-font-mdi",
        "rev": "7cb587ca67f1ccbf77153a986ca2a44331b0e779",
        "type": "github"
      },
      "original": {
        "owner": "ners",
        "repo": "web-font-mdi",
        "type": "github"
      }
    }
  },
  "root": "root",
  "version": 7
}
